
Microsoft Visual Studio Solution File, Format Version 12.00
# Visual Studio 15
VisualStudioVersion = 15.0.27130.2036
MinimumVisualStudioVersion = 10.0.40219.1
Project("{FAE04EC0-301F-11D3-BF4B-00C04F79EFBC}") = "DbTest.EF", "DbTest.EF\DbTest.EF.csproj", "{CC27B50D-6F94-495D-9E11-77E4E7D24604}"
EndProject
Project("{9A19103F-16F7-4668-BE54-9A1E7A4F7556}") = "DbTest", "DbTest\DbTest.csproj", "{A5D7B1D7-0D6C-4291-9D62-B1E9318DA67D}"
EndProject
Project("{FAE04EC0-301F-11D3-BF4B-00C04F79EFBC}") = "StockApp", "Examples\NetFramework\StockApp.Example\StockApp.csproj", "{2EA05616-3657-4F70-8729-BC2FDB7DFCF6}"
EndProject
Project("{2150E333-8FDC-42A3-9474-1A3956D46DE8}") = "Examples", "Examples", "{8D5D372C-62D0-462B-A2B1-37A54D02473F}"
EndProject
Project("{2150E333-8FDC-42A3-9474-1A3956D46DE8}") = "EF", "EF", "{E6B0229F-BCD6-4C96-B977-5E471A190019}"
EndProject
Project("{FAE04EC0-301F-11D3-BF4B-00C04F79EFBC}") = "StockApp.Tests", "Examples\NetFramework\StockApp.Tests\StockApp.Tests.csproj", "{3B124477-9430-47F5-AB78-1877C84C8D7A}"
EndProject
Project("{2150E333-8FDC-42A3-9474-1A3956D46DE8}") = "EFCore", "EFCore", "{93661572-B8FC-4684-A2AB-81A7C52FE8D3}"
EndProject
Project("{FAE04EC0-301F-11D3-BF4B-00C04F79EFBC}") = "StockAppCore", "StockAppCore\StockAppCore.csproj", "{714A86C1-ECEE-4C4C-BBD2-CD61238834D1}"
EndProject
Project("{FAE04EC0-301F-11D3-BF4B-00C04F79EFBC}") = "StockAppCore.Tests", "Examples\NetCore\StockAppCore.Tests\StockAppCore.Tests.csproj", "{6969DD50-65A5-43EB-97A5-A9F5F8B39182}"
EndProject
Project("{FAE04EC0-301F-11D3-BF4B-00C04F79EFBC}") = "DbTest.EFCore", "DbTest.EFCore\DbTest.EFCore.csproj", "{ABBF83EA-0CEF-4E2C-A70F-EC3B80A1DC2F}"
EndProject
Global
	GlobalSection(SolutionConfigurationPlatforms) = preSolution
		Debug|Any CPU = Debug|Any CPU
		Debug|x64 = Debug|x64
		Debug|x86 = Debug|x86
		Release|Any CPU = Release|Any CPU
		Release|x64 = Release|x64
		Release|x86 = Release|x86
	EndGlobalSection
	GlobalSection(ProjectConfigurationPlatforms) = postSolution
		{CC27B50D-6F94-495D-9E11-77E4E7D24604}.Debug|Any CPU.ActiveCfg = Debug|Any CPU
		{CC27B50D-6F94-495D-9E11-77E4E7D24604}.Debug|Any CPU.Build.0 = Debug|Any CPU
		{CC27B50D-6F94-495D-9E11-77E4E7D24604}.Debug|Any CPU.Deploy.0 = Debug|Any CPU
		{CC27B50D-6F94-495D-9E11-77E4E7D24604}.Debug|x64.ActiveCfg = Debug|Any CPU
		{CC27B50D-6F94-495D-9E11-77E4E7D24604}.Debug|x64.Build.0 = Debug|Any CPU
		{CC27B50D-6F94-495D-9E11-77E4E7D24604}.Debug|x86.ActiveCfg = Debug|Any CPU
		{CC27B50D-6F94-495D-9E11-77E4E7D24604}.Debug|x86.Build.0 = Debug|Any CPU
		{CC27B50D-6F94-495D-9E11-77E4E7D24604}.Release|Any CPU.ActiveCfg = Release|Any CPU
		{CC27B50D-6F94-495D-9E11-77E4E7D24604}.Release|Any CPU.Build.0 = Release|Any CPU
		{CC27B50D-6F94-495D-9E11-77E4E7D24604}.Release|x64.ActiveCfg = Release|Any CPU
		{CC27B50D-6F94-495D-9E11-77E4E7D24604}.Release|x64.Build.0 = Release|Any CPU
		{CC27B50D-6F94-495D-9E11-77E4E7D24604}.Release|x86.ActiveCfg = Release|Any CPU
		{CC27B50D-6F94-495D-9E11-77E4E7D24604}.Release|x86.Build.0 = Release|Any CPU
		{A5D7B1D7-0D6C-4291-9D62-B1E9318DA67D}.Debug|Any CPU.ActiveCfg = Debug|Any CPU
		{A5D7B1D7-0D6C-4291-9D62-B1E9318DA67D}.Debug|Any CPU.Build.0 = Debug|Any CPU
		{A5D7B1D7-0D6C-4291-9D62-B1E9318DA67D}.Debug|x64.ActiveCfg = Debug|Any CPU
		{A5D7B1D7-0D6C-4291-9D62-B1E9318DA67D}.Debug|x64.Build.0 = Debug|Any CPU
		{A5D7B1D7-0D6C-4291-9D62-B1E9318DA67D}.Debug|x86.ActiveCfg = Debug|Any CPU
		{A5D7B1D7-0D6C-4291-9D62-B1E9318DA67D}.Debug|x86.Build.0 = Debug|Any CPU
		{A5D7B1D7-0D6C-4291-9D62-B1E9318DA67D}.Release|Any CPU.ActiveCfg = Release|Any CPU
		{A5D7B1D7-0D6C-4291-9D62-B1E9318DA67D}.Release|Any CPU.Build.0 = Release|Any CPU
		{A5D7B1D7-0D6C-4291-9D62-B1E9318DA67D}.Release|x64.ActiveCfg = Release|Any CPU
		{A5D7B1D7-0D6C-4291-9D62-B1E9318DA67D}.Release|x64.Build.0 = Release|Any CPU
		{A5D7B1D7-0D6C-4291-9D62-B1E9318DA67D}.Release|x86.ActiveCfg = Release|Any CPU
		{A5D7B1D7-0D6C-4291-9D62-B1E9318DA67D}.Release|x86.Build.0 = Release|Any CPU
		{2EA05616-3657-4F70-8729-BC2FDB7DFCF6}.Debug|Any CPU.ActiveCfg = Debug|Any CPU
		{2EA05616-3657-4F70-8729-BC2FDB7DFCF6}.Debug|Any CPU.Build.0 = Debug|Any CPU
		{2EA05616-3657-4F70-8729-BC2FDB7DFCF6}.Debug|x64.ActiveCfg = Debug|Any CPU
		{2EA05616-3657-4F70-8729-BC2FDB7DFCF6}.Debug|x64.Build.0 = Debug|Any CPU
		{2EA05616-3657-4F70-8729-BC2FDB7DFCF6}.Debug|x86.ActiveCfg = Debug|Any CPU
		{2EA05616-3657-4F70-8729-BC2FDB7DFCF6}.Debug|x86.Build.0 = Debug|Any CPU
		{2EA05616-3657-4F70-8729-BC2FDB7DFCF6}.Release|Any CPU.ActiveCfg = Release|Any CPU
		{2EA05616-3657-4F70-8729-BC2FDB7DFCF6}.Release|Any CPU.Build.0 = Release|Any CPU
		{2EA05616-3657-4F70-8729-BC2FDB7DFCF6}.Release|x64.ActiveCfg = Release|Any CPU
		{2EA05616-3657-4F70-8729-BC2FDB7DFCF6}.Release|x64.Build.0 = Release|Any CPU
		{2EA05616-3657-4F70-8729-BC2FDB7DFCF6}.Release|x86.ActiveCfg = Release|Any CPU
		{2EA05616-3657-4F70-8729-BC2FDB7DFCF6}.Release|x86.Build.0 = Release|Any CPU
		{3B124477-9430-47F5-AB78-1877C84C8D7A}.Debug|Any CPU.ActiveCfg = Debug|Any CPU
		{3B124477-9430-47F5-AB78-1877C84C8D7A}.Debug|Any CPU.Build.0 = Debug|Any CPU
		{3B124477-9430-47F5-AB78-1877C84C8D7A}.Debug|x64.ActiveCfg = Debug|Any CPU
		{3B124477-9430-47F5-AB78-1877C84C8D7A}.Debug|x64.Build.0 = Debug|Any CPU
		{3B124477-9430-47F5-AB78-1877C84C8D7A}.Debug|x86.ActiveCfg = Debug|Any CPU
		{3B124477-9430-47F5-AB78-1877C84C8D7A}.Debug|x86.Build.0 = Debug|Any CPU
		{3B124477-9430-47F5-AB78-1877C84C8D7A}.Release|Any CPU.ActiveCfg = Release|Any CPU
		{3B124477-9430-47F5-AB78-1877C84C8D7A}.Release|Any CPU.Build.0 = Release|Any CPU
		{3B124477-9430-47F5-AB78-1877C84C8D7A}.Release|x64.ActiveCfg = Release|Any CPU
		{3B124477-9430-47F5-AB78-1877C84C8D7A}.Release|x64.Build.0 = Release|Any CPU
		{3B124477-9430-47F5-AB78-1877C84C8D7A}.Release|x86.ActiveCfg = Release|Any CPU
		{3B124477-9430-47F5-AB78-1877C84C8D7A}.Release|x86.Build.0 = Release|Any CPU
		{714A86C1-ECEE-4C4C-BBD2-CD61238834D1}.Debug|Any CPU.ActiveCfg = Debug|Any CPU
		{714A86C1-ECEE-4C4C-BBD2-CD61238834D1}.Debug|Any CPU.Build.0 = Debug|Any CPU
		{714A86C1-ECEE-4C4C-BBD2-CD61238834D1}.Debug|x64.ActiveCfg = Debug|Any CPU
		{714A86C1-ECEE-4C4C-BBD2-CD61238834D1}.Debug|x64.Build.0 = Debug|Any CPU
		{714A86C1-ECEE-4C4C-BBD2-CD61238834D1}.Debug|x86.ActiveCfg = Debug|Any CPU
		{714A86C1-ECEE-4C4C-BBD2-CD61238834D1}.Debug|x86.Build.0 = Debug|Any CPU
		{714A86C1-ECEE-4C4C-BBD2-CD61238834D1}.Release|Any CPU.ActiveCfg = Release|Any CPU
		{714A86C1-ECEE-4C4C-BBD2-CD61238834D1}.Release|Any CPU.Build.0 = Release|Any CPU
		{714A86C1-ECEE-4C4C-BBD2-CD61238834D1}.Release|x64.ActiveCfg = Release|Any CPU
		{714A86C1-ECEE-4C4C-BBD2-CD61238834D1}.Release|x64.Build.0 = Release|Any CPU
		{714A86C1-ECEE-4C4C-BBD2-CD61238834D1}.Release|x86.ActiveCfg = Release|Any CPU
		{714A86C1-ECEE-4C4C-BBD2-CD61238834D1}.Release|x86.Build.0 = Release|Any CPU
		{6969DD50-65A5-43EB-97A5-A9F5F8B39182}.Debug|Any CPU.ActiveCfg = Debug|Any CPU
		{6969DD50-65A5-43EB-97A5-A9F5F8B39182}.Debug|Any CPU.Build.0 = Debug|Any CPU
		{6969DD50-65A5-43EB-97A5-A9F5F8B39182}.Debug|x64.ActiveCfg = Debug|Any CPU
		{6969DD50-65A5-43EB-97A5-A9F5F8B39182}.Debug|x64.Build.0 = Debug|Any CPU
		{6969DD50-65A5-43EB-97A5-A9F5F8B39182}.Debug|x86.ActiveCfg = Debug|Any CPU
		{6969DD50-65A5-43EB-97A5-A9F5F8B39182}.Debug|x86.Build.0 = Debug|Any CPU
		{6969DD50-65A5-43EB-97A5-A9F5F8B39182}.Release|Any CPU.ActiveCfg = Release|Any CPU
		{6969DD50-65A5-43EB-97A5-A9F5F8B39182}.Release|Any CPU.Build.0 = Release|Any CPU
		{6969DD50-65A5-43EB-97A5-A9F5F8B39182}.Release|x64.ActiveCfg = Release|Any CPU
		{6969DD50-65A5-43EB-97A5-A9F5F8B39182}.Release|x64.Build.0 = Release|Any CPU
		{6969DD50-65A5-43EB-97A5-A9F5F8B39182}.Release|x86.ActiveCfg = Release|Any CPU
		{6969DD50-65A5-43EB-97A5-A9F5F8B39182}.Release|x86.Build.0 = Release|Any CPU
		{ABBF83EA-0CEF-4E2C-A70F-EC3B80A1DC2F}.Debug|Any CPU.ActiveCfg = Debug|Any CPU
		{ABBF83EA-0CEF-4E2C-A70F-EC3B80A1DC2F}.Debug|Any CPU.Build.0 = Debug|Any CPU
		{ABBF83EA-0CEF-4E2C-A70F-EC3B80A1DC2F}.Debug|x64.ActiveCfg = Debug|Any CPU
		{ABBF83EA-0CEF-4E2C-A70F-EC3B80A1DC2F}.Debug|x64.Build.0 = Debug|Any CPU
		{ABBF83EA-0CEF-4E2C-A70F-EC3B80A1DC2F}.Debug|x86.ActiveCfg = Debug|Any CPU
		{ABBF83EA-0CEF-4E2C-A70F-EC3B80A1DC2F}.Debug|x86.Build.0 = Debug|Any CPU
		{ABBF83EA-0CEF-4E2C-A70F-EC3B80A1DC2F}.Release|Any CPU.ActiveCfg = Release|Any CPU
		{ABBF83EA-0CEF-4E2C-A70F-EC3B80A1DC2F}.Release|Any CPU.Build.0 = Release|Any CPU
		{ABBF83EA-0CEF-4E2C-A70F-EC3B80A1DC2F}.Release|x64.ActiveCfg = Release|Any CPU
		{ABBF83EA-0CEF-4E2C-A70F-EC3B80A1DC2F}.Release|x64.Build.0 = Release|Any CPU
		{ABBF83EA-0CEF-4E2C-A70F-EC3B80A1DC2F}.Release|x86.ActiveCfg = Release|Any CPU
		{ABBF83EA-0CEF-4E2C-A70F-EC3B80A1DC2F}.Release|x86.Build.0 = Release|Any CPU
	EndGlobalSection
	GlobalSection(SolutionProperties) = preSolution
		HideSolutionNode = FALSE
	EndGlobalSection
	GlobalSection(NestedProjects) = preSolution
		{2EA05616-3657-4F70-8729-BC2FDB7DFCF6} = {E6B0229F-BCD6-4C96-B977-5E471A190019}
		{E6B0229F-BCD6-4C96-B977-5E471A190019} = {8D5D372C-62D0-462B-A2B1-37A54D02473F}
		{3B124477-9430-47F5-AB78-1877C84C8D7A} = {E6B0229F-BCD6-4C96-B977-5E471A190019}
		{93661572-B8FC-4684-A2AB-81A7C52FE8D3} = {8D5D372C-62D0-462B-A2B1-37A54D02473F}
		{714A86C1-ECEE-4C4C-BBD2-CD61238834D1} = {93661572-B8FC-4684-A2AB-81A7C52FE8D3}
		{6969DD50-65A5-43EB-97A5-A9F5F8B39182} = {93661572-B8FC-4684-A2AB-81A7C52FE8D3}
	EndGlobalSection
	GlobalSection(ExtensibilityGlobals) = postSolution
		SolutionGuid = {6F0ADFCB-3509-4574-82E1-7716BC0CC698}
	EndGlobalSection
EndGlobal
